// !$*UTF8*$!
{
	archiveVersion = 1;
	classes = {
	};
	objectVersion = 55;
	objects = {

/* Begin PBXBuildFile section */
		840CB67A27F0EC1D00431648 /* InfoViewController.swift in Sources */ = {isa = PBXBuildFile; fileRef = 840CB67927F0EC1D00431648 /* InfoViewController.swift */; };
		842A6BB52802BCEF0061DA92 /* LoginViewController.swift in Sources */ = {isa = PBXBuildFile; fileRef = 842A6BB42802BCEF0061DA92 /* LoginViewController.swift */; };
		846C057327DD0E5000F53F55 /* AppDelegate.swift in Sources */ = {isa = PBXBuildFile; fileRef = 846C057227DD0E5000F53F55 /* AppDelegate.swift */; };
		846C057527DD0E5000F53F55 /* SceneDelegate.swift in Sources */ = {isa = PBXBuildFile; fileRef = 846C057427DD0E5000F53F55 /* SceneDelegate.swift */; };
		846C057727DD0E5000F53F55 /* ViewController.swift in Sources */ = {isa = PBXBuildFile; fileRef = 846C057627DD0E5000F53F55 /* ViewController.swift */; };
		846C057A27DD0E5000F53F55 /* Main.storyboard in Resources */ = {isa = PBXBuildFile; fileRef = 846C057827DD0E5000F53F55 /* Main.storyboard */; };
		846C057C27DD0E5B00F53F55 /* Assets.xcassets in Resources */ = {isa = PBXBuildFile; fileRef = 846C057B27DD0E5B00F53F55 /* Assets.xcassets */; };
		846C057F27DD0E5B00F53F55 /* LaunchScreen.storyboard in Resources */ = {isa = PBXBuildFile; fileRef = 846C057D27DD0E5B00F53F55 /* LaunchScreen.storyboard */; };
		846C058727DD10A300F53F55 /* FeedViewController.swift in Sources */ = {isa = PBXBuildFile; fileRef = 846C058627DD10A300F53F55 /* FeedViewController.swift */; };
		846C058C27DD15ED00F53F55 /* ProfileHeaderView.swift in Sources */ = {isa = PBXBuildFile; fileRef = 846C058B27DD15ED00F53F55 /* ProfileHeaderView.swift */; };
		84F387C228381D30004ACE75 /* PostViewController.swift in Sources */ = {isa = PBXBuildFile; fileRef = 8425F5C527F0E1ED00A86AD7 /* PostViewController.swift */; };
		84F387D82838227B004ACE75 /* PostTableViewCell.swift in Sources */ = {isa = PBXBuildFile; fileRef = 84E996BF280311F200B833C0 /* PostTableViewCell.swift */; };
		84F387D92838227D004ACE75 /* PostModel.swift in Sources */ = {isa = PBXBuildFile; fileRef = 84E996BD280301BA00B833C0 /* PostModel.swift */; };
		84F387DC283822AA004ACE75 /* PostData.swift in Sources */ = {isa = PBXBuildFile; fileRef = 8425F5C827F0E22700A86AD7 /* PostData.swift */; };
		84F387DD2838238F004ACE75 /* ProfileViewConroller.swift in Sources */ = {isa = PBXBuildFile; fileRef = 846C058827DD10DF00F53F55 /* ProfileViewConroller.swift */; };
		84F387E7283823C4004ACE75 /* StorageService.docc in Sources */ = {isa = PBXBuildFile; fileRef = 84F387E6283823C4004ACE75 /* StorageService.docc */; };
		84F387E8283823C4004ACE75 /* StorageService.h in Headers */ = {isa = PBXBuildFile; fileRef = 84F387E5283823C4004ACE75 /* StorageService.h */; settings = {ATTRIBUTES = (Public, ); }; };
		84F387EB283823C4004ACE75 /* StorageService.framework in Frameworks */ = {isa = PBXBuildFile; fileRef = 84F387E3283823C3004ACE75 /* StorageService.framework */; };
		84F387EC283823C4004ACE75 /* StorageService.framework in Embed Frameworks */ = {isa = PBXBuildFile; fileRef = 84F387E3283823C3004ACE75 /* StorageService.framework */; settings = {ATTRIBUTES = (CodeSignOnCopy, RemoveHeadersOnCopy, ); }; };
/* End PBXBuildFile section */

/* Begin PBXContainerItemProxy section */
		84F387E9283823C4004ACE75 /* PBXContainerItemProxy */ = {
			isa = PBXContainerItemProxy;
			containerPortal = 846C056727DD0E5000F53F55 /* Project object */;
			proxyType = 1;
			remoteGlobalIDString = 84F387E2283823C3004ACE75;
			remoteInfo = StorageService;
		};
/* End PBXContainerItemProxy section */

/* Begin PBXCopyFilesBuildPhase section */
		8490D03C2838114500E7425E /* Embed Frameworks */ = {
			isa = PBXCopyFilesBuildPhase;
			buildActionMask = 2147483647;
			dstPath = "";
			dstSubfolderSpec = 10;
			files = (
				84F387EC283823C4004ACE75 /* StorageService.framework in Embed Frameworks */,
			);
			name = "Embed Frameworks";
			runOnlyForDeploymentPostprocessing = 0;
		};
/* End PBXCopyFilesBuildPhase section */

/* Begin PBXFileReference section */
		840CB67927F0EC1D00431648 /* InfoViewController.swift */ = {isa = PBXFileReference; lastKnownFileType = sourcecode.swift; path = InfoViewController.swift; sourceTree = "<group>"; };
		8425F5C527F0E1ED00A86AD7 /* PostViewController.swift */ = {isa = PBXFileReference; lastKnownFileType = sourcecode.swift; path = PostViewController.swift; sourceTree = "<group>"; };
		8425F5C827F0E22700A86AD7 /* PostData.swift */ = {isa = PBXFileReference; lastKnownFileType = sourcecode.swift; path = PostData.swift; sourceTree = "<group>"; };
		842A6BB42802BCEF0061DA92 /* LoginViewController.swift */ = {isa = PBXFileReference; lastKnownFileType = sourcecode.swift; path = LoginViewController.swift; sourceTree = "<group>"; };
		846C056F27DD0E5000F53F55 /* Interface HW Netology.app */ = {isa = PBXFileReference; explicitFileType = wrapper.application; includeInIndex = 0; path = "Interface HW Netology.app"; sourceTree = BUILT_PRODUCTS_DIR; };
		846C057227DD0E5000F53F55 /* AppDelegate.swift */ = {isa = PBXFileReference; lastKnownFileType = sourcecode.swift; path = AppDelegate.swift; sourceTree = "<group>"; };
		846C057427DD0E5000F53F55 /* SceneDelegate.swift */ = {isa = PBXFileReference; lastKnownFileType = sourcecode.swift; path = SceneDelegate.swift; sourceTree = "<group>"; };
		846C057627DD0E5000F53F55 /* ViewController.swift */ = {isa = PBXFileReference; lastKnownFileType = sourcecode.swift; path = ViewController.swift; sourceTree = "<group>"; };
		846C057927DD0E5000F53F55 /* Base */ = {isa = PBXFileReference; lastKnownFileType = file.storyboard; name = Base; path = Base.lproj/Main.storyboard; sourceTree = "<group>"; };
		846C057B27DD0E5B00F53F55 /* Assets.xcassets */ = {isa = PBXFileReference; lastKnownFileType = folder.assetcatalog; path = Assets.xcassets; sourceTree = "<group>"; };
		846C057E27DD0E5B00F53F55 /* Base */ = {isa = PBXFileReference; lastKnownFileType = file.storyboard; name = Base; path = Base.lproj/LaunchScreen.storyboard; sourceTree = "<group>"; };
		846C058027DD0E5B00F53F55 /* Info.plist */ = {isa = PBXFileReference; lastKnownFileType = text.plist.xml; path = Info.plist; sourceTree = "<group>"; };
		846C058627DD10A300F53F55 /* FeedViewController.swift */ = {isa = PBXFileReference; lastKnownFileType = sourcecode.swift; path = FeedViewController.swift; sourceTree = "<group>"; };
		846C058827DD10DF00F53F55 /* ProfileViewConroller.swift */ = {isa = PBXFileReference; lastKnownFileType = sourcecode.swift; path = ProfileViewConroller.swift; sourceTree = "<group>"; };
		846C058B27DD15ED00F53F55 /* ProfileHeaderView.swift */ = {isa = PBXFileReference; lastKnownFileType = sourcecode.swift; path = ProfileHeaderView.swift; sourceTree = "<group>"; };
		84E996BD280301BA00B833C0 /* PostModel.swift */ = {isa = PBXFileReference; lastKnownFileType = sourcecode.swift; path = PostModel.swift; sourceTree = "<group>"; };
		84E996BF280311F200B833C0 /* PostTableViewCell.swift */ = {isa = PBXFileReference; lastKnownFileType = sourcecode.swift; path = PostTableViewCell.swift; sourceTree = "<group>"; };
		84F387E3283823C3004ACE75 /* StorageService.framework */ = {isa = PBXFileReference; explicitFileType = wrapper.framework; includeInIndex = 0; path = StorageService.framework; sourceTree = BUILT_PRODUCTS_DIR; };
		84F387E5283823C4004ACE75 /* StorageService.h */ = {isa = PBXFileReference; lastKnownFileType = sourcecode.c.h; path = StorageService.h; sourceTree = "<group>"; };
		84F387E6283823C4004ACE75 /* StorageService.docc */ = {isa = PBXFileReference; lastKnownFileType = folder.documentationcatalog; path = StorageService.docc; sourceTree = "<group>"; };
/* End PBXFileReference section */

/* Begin PBXFrameworksBuildPhase section */
		846C056C27DD0E5000F53F55 /* Frameworks */ = {
			isa = PBXFrameworksBuildPhase;
			buildActionMask = 2147483647;
			files = (
				84F387EB283823C4004ACE75 /* StorageService.framework in Frameworks */,
			);
			runOnlyForDeploymentPostprocessing = 0;
		};
		84F387E0283823C3004ACE75 /* Frameworks */ = {
			isa = PBXFrameworksBuildPhase;
			buildActionMask = 2147483647;
			files = (
			);
			runOnlyForDeploymentPostprocessing = 0;
		};
/* End PBXFrameworksBuildPhase section */

/* Begin PBXGroup section */
		8425F5C727F0E1F400A86AD7 /* PostAndFeed */ = {
			isa = PBXGroup;
			children = (
				846C058627DD10A300F53F55 /* FeedViewController.swift */,
				8425F5C527F0E1ED00A86AD7 /* PostViewController.swift */,
				8425F5C827F0E22700A86AD7 /* PostData.swift */,
				840CB67927F0EC1D00431648 /* InfoViewController.swift */,
			);
			path = PostAndFeed;
			sourceTree = "<group>";
		};
		846C056627DD0E5000F53F55 = {
			isa = PBXGroup;
			children = (
				846C057127DD0E5000F53F55 /* Interface HW Netology */,
				84F387E4283823C4004ACE75 /* StorageService */,
				846C057027DD0E5000F53F55 /* Products */,
			);
			sourceTree = "<group>";
		};
		846C057027DD0E5000F53F55 /* Products */ = {
			isa = PBXGroup;
			children = (
				846C056F27DD0E5000F53F55 /* Interface HW Netology.app */,
				84F387E3283823C3004ACE75 /* StorageService.framework */,
			);
			name = Products;
			sourceTree = "<group>";
		};
		846C057127DD0E5000F53F55 /* Interface HW Netology */ = {
			isa = PBXGroup;
			children = (
				8425F5C727F0E1F400A86AD7 /* PostAndFeed */,
				846C058A27DD14C100F53F55 /* Profile */,
				846C057227DD0E5000F53F55 /* AppDelegate.swift */,
				846C057427DD0E5000F53F55 /* SceneDelegate.swift */,
				846C057627DD0E5000F53F55 /* ViewController.swift */,
				846C057827DD0E5000F53F55 /* Main.storyboard */,
				846C057B27DD0E5B00F53F55 /* Assets.xcassets */,
				846C057D27DD0E5B00F53F55 /* LaunchScreen.storyboard */,
				846C058027DD0E5B00F53F55 /* Info.plist */,
			);
			path = "Interface HW Netology";
			sourceTree = "<group>";
		};
		846C058A27DD14C100F53F55 /* Profile */ = {
			isa = PBXGroup;
			children = (
				846C058827DD10DF00F53F55 /* ProfileViewConroller.swift */,
				846C058B27DD15ED00F53F55 /* ProfileHeaderView.swift */,
				842A6BB42802BCEF0061DA92 /* LoginViewController.swift */,
				84E996BD280301BA00B833C0 /* PostModel.swift */,
				84E996BF280311F200B833C0 /* PostTableViewCell.swift */,
			);
			path = Profile;
			sourceTree = "<group>";
		};
		84F387E4283823C4004ACE75 /* StorageService */ = {
			isa = PBXGroup;
			children = (
				84F387E5283823C4004ACE75 /* StorageService.h */,
				84F387E6283823C4004ACE75 /* StorageService.docc */,
			);
			path = StorageService;
			sourceTree = "<group>";
		};
/* End PBXGroup section */

/* Begin PBXHeadersBuildPhase section */
		84F387DE283823C3004ACE75 /* Headers */ = {
			isa = PBXHeadersBuildPhase;
			buildActionMask = 2147483647;
			files = (
				84F387E8283823C4004ACE75 /* StorageService.h in Headers */,
			);
			runOnlyForDeploymentPostprocessing = 0;
		};
/* End PBXHeadersBuildPhase section */

/* Begin PBXNativeTarget section */
		846C056E27DD0E5000F53F55 /* Interface HW Netology */ = {
			isa = PBXNativeTarget;
			buildConfigurationList = 846C058327DD0E5B00F53F55 /* Build configuration list for PBXNativeTarget "Interface HW Netology" */;
			buildPhases = (
				846C056B27DD0E5000F53F55 /* Sources */,
				8490D05D283812EA00E7425E /* ShellScript */,
				846C056C27DD0E5000F53F55 /* Frameworks */,
				846C056D27DD0E5000F53F55 /* Resources */,
				8490D03C2838114500E7425E /* Embed Frameworks */,
			);
			buildRules = (
			);
			dependencies = (
				84F387EA283823C4004ACE75 /* PBXTargetDependency */,
			);
			name = "Interface HW Netology";
			productName = "Interface HW Netology";
			productReference = 846C056F27DD0E5000F53F55 /* Interface HW Netology.app */;
			productType = "com.apple.product-type.application";
		};
		84F387E2283823C3004ACE75 /* StorageService */ = {
			isa = PBXNativeTarget;
			buildConfigurationList = 84F387ED283823C4004ACE75 /* Build configuration list for PBXNativeTarget "StorageService" */;
			buildPhases = (
				84F387DE283823C3004ACE75 /* Headers */,
				84F387DF283823C3004ACE75 /* Sources */,
				84F387E0283823C3004ACE75 /* Frameworks */,
				84F387E1283823C3004ACE75 /* Resources */,
			);
			buildRules = (
			);
			dependencies = (
			);
			name = StorageService;
			productName = StorageService;
			productReference = 84F387E3283823C3004ACE75 /* StorageService.framework */;
			productType = "com.apple.product-type.framework";
		};
/* End PBXNativeTarget section */

/* Begin PBXProject section */
		846C056727DD0E5000F53F55 /* Project object */ = {
			isa = PBXProject;
			attributes = {
				BuildIndependentTargetsInParallel = 1;
				LastSwiftUpdateCheck = 1320;
				LastUpgradeCheck = 1320;
				TargetAttributes = {
					846C056E27DD0E5000F53F55 = {
						CreatedOnToolsVersion = 13.2.1;
					};
					84F387E2283823C3004ACE75 = {
						CreatedOnToolsVersion = 13.3.1;
					};
				};
			};
			buildConfigurationList = 846C056A27DD0E5000F53F55 /* Build configuration list for PBXProject "Interface HW Netology" */;
			compatibilityVersion = "Xcode 13.0";
			developmentRegion = en;
			hasScannedForEncodings = 0;
			knownRegions = (
				en,
				Base,
			);
			mainGroup = 846C056627DD0E5000F53F55;
			productRefGroup = 846C057027DD0E5000F53F55 /* Products */;
			projectDirPath = "";
			projectRoot = "";
			targets = (
				846C056E27DD0E5000F53F55 /* Interface HW Netology */,
				84F387E2283823C3004ACE75 /* StorageService */,
			);
		};
/* End PBXProject section */

/* Begin PBXResourcesBuildPhase section */
		846C056D27DD0E5000F53F55 /* Resources */ = {
			isa = PBXResourcesBuildPhase;
			buildActionMask = 2147483647;
			files = (
				846C057F27DD0E5B00F53F55 /* LaunchScreen.storyboard in Resources */,
				846C057C27DD0E5B00F53F55 /* Assets.xcassets in Resources */,
				846C057A27DD0E5000F53F55 /* Main.storyboard in Resources */,
			);
			runOnlyForDeploymentPostprocessing = 0;
		};
		84F387E1283823C3004ACE75 /* Resources */ = {
			isa = PBXResourcesBuildPhase;
			buildActionMask = 2147483647;
			files = (
			);
			runOnlyForDeploymentPostprocessing = 0;
		};
/* End PBXResourcesBuildPhase section */

/* Begin PBXShellScriptBuildPhase section */
		8490D05D283812EA00E7425E /* ShellScript */ = {
			isa = PBXShellScriptBuildPhase;
			buildActionMask = 2147483647;
			files = (
			);
			inputFileListPaths = (
			);
			inputPaths = (
			);
			outputFileListPaths = (
			);
			outputPaths = (
			);
			runOnlyForDeploymentPostprocessing = 0;
			shellPath = /bin/sh;
			shellScript = "export PATH=\"$PATH:\"\nexport PATH+=~/\nexport PATH+=\"portable_swiftlint\"\nif which swiftlint > /dev/null; then\n  swiftlint\nelse\n  echo \"warning: SwiftLint not installed, download from https://github.com/realm/SwiftLint\"\nfi\n";
		};
/* End PBXShellScriptBuildPhase section */

/* Begin PBXSourcesBuildPhase section */
		846C056B27DD0E5000F53F55 /* Sources */ = {
			isa = PBXSourcesBuildPhase;
			buildActionMask = 2147483647;
			files = (
				84F387D82838227B004ACE75 /* PostTableViewCell.swift in Sources */,
				84F387D92838227D004ACE75 /* PostModel.swift in Sources */,
				84F387C228381D30004ACE75 /* PostViewController.swift in Sources */,
				846C058C27DD15ED00F53F55 /* ProfileHeaderView.swift in Sources */,
				840CB67A27F0EC1D00431648 /* InfoViewController.swift in Sources */,
				84F387DD2838238F004ACE75 /* ProfileViewConroller.swift in Sources */,
				846C057727DD0E5000F53F55 /* ViewController.swift in Sources */,
				846C057327DD0E5000F53F55 /* AppDelegate.swift in Sources */,
				846C058727DD10A300F53F55 /* FeedViewController.swift in Sources */,
				842A6BB52802BCEF0061DA92 /* LoginViewController.swift in Sources */,
				84F387DC283822AA004ACE75 /* PostData.swift in Sources */,
				846C057527DD0E5000F53F55 /* SceneDelegate.swift in Sources */,
			);
			runOnlyForDeploymentPostprocessing = 0;
		};
		84F387DF283823C3004ACE75 /* Sources */ = {
			isa = PBXSourcesBuildPhase;
			buildActionMask = 2147483647;
			files = (
				84F387E7283823C4004ACE75 /* StorageService.docc in Sources */,
			);
			runOnlyForDeploymentPostprocessing = 0;
		};
/* End PBXSourcesBuildPhase section */

/* Begin PBXTargetDependency section */
		84F387EA283823C4004ACE75 /* PBXTargetDependency */ = {
			isa = PBXTargetDependency;
			target = 84F387E2283823C3004ACE75 /* StorageService */;
			targetProxy = 84F387E9283823C4004ACE75 /* PBXContainerItemProxy */;
		};
/* End PBXTargetDependency section */

/* Begin PBXVariantGroup section */
		846C057827DD0E5000F53F55 /* Main.storyboard */ = {
			isa = PBXVariantGroup;
			children = (
				846C057927DD0E5000F53F55 /* Base */,
			);
			name = Main.storyboard;
			sourceTree = "<group>";
		};
		846C057D27DD0E5B00F53F55 /* LaunchScreen.storyboard */ = {
			isa = PBXVariantGroup;
			children = (
				846C057E27DD0E5B00F53F55 /* Base */,
			);
			name = LaunchScreen.storyboard;
			sourceTree = "<group>";
		};
/* End PBXVariantGroup section */

/* Begin XCBuildConfiguration section */
		846C058127DD0E5B00F53F55 /* Debug */ = {
			isa = XCBuildConfiguration;
			buildSettings = {
				ALWAYS_SEARCH_USER_PATHS = NO;
				CLANG_ANALYZER_NONNULL = YES;
				CLANG_ANALYZER_NUMBER_OBJECT_CONVERSION = YES_AGGRESSIVE;
				CLANG_CXX_LANGUAGE_STANDARD = "gnu++17";
				CLANG_CXX_LIBRARY = "libc++";
				CLANG_ENABLE_MODULES = YES;
				CLANG_ENABLE_OBJC_ARC = YES;
				CLANG_ENABLE_OBJC_WEAK = YES;
				CLANG_WARN_BLOCK_CAPTURE_AUTORELEASING = YES;
				CLANG_WARN_BOOL_CONVERSION = YES;
				CLANG_WARN_COMMA = YES;
				CLANG_WARN_CONSTANT_CONVERSION = YES;
				CLANG_WARN_DEPRECATED_OBJC_IMPLEMENTATIONS = YES;
				CLANG_WARN_DIRECT_OBJC_ISA_USAGE = YES_ERROR;
				CLANG_WARN_DOCUMENTATION_COMMENTS = YES;
				CLANG_WARN_EMPTY_BODY = YES;
				CLANG_WARN_ENUM_CONVERSION = YES;
				CLANG_WARN_INFINITE_RECURSION = YES;
				CLANG_WARN_INT_CONVERSION = YES;
				CLANG_WARN_NON_LITERAL_NULL_CONVERSION = YES;
				CLANG_WARN_OBJC_IMPLICIT_RETAIN_SELF = YES;
				CLANG_WARN_OBJC_LITERAL_CONVERSION = YES;
				CLANG_WARN_OBJC_ROOT_CLASS = YES_ERROR;
				CLANG_WARN_QUOTED_INCLUDE_IN_FRAMEWORK_HEADER = YES;
				CLANG_WARN_RANGE_LOOP_ANALYSIS = YES;
				CLANG_WARN_STRICT_PROTOTYPES = YES;
				CLANG_WARN_SUSPICIOUS_MOVE = YES;
				CLANG_WARN_UNGUARDED_AVAILABILITY = YES_AGGRESSIVE;
				CLANG_WARN_UNREACHABLE_CODE = YES;
				CLANG_WARN__DUPLICATE_METHOD_MATCH = YES;
				COPY_PHASE_STRIP = NO;
				DEBUG_INFORMATION_FORMAT = dwarf;
				ENABLE_STRICT_OBJC_MSGSEND = YES;
				ENABLE_TESTABILITY = YES;
				GCC_C_LANGUAGE_STANDARD = gnu11;
				GCC_DYNAMIC_NO_PIC = NO;
				GCC_NO_COMMON_BLOCKS = YES;
				GCC_OPTIMIZATION_LEVEL = 0;
				GCC_PREPROCESSOR_DEFINITIONS = (
					"DEBUG=1",
					"$(inherited)",
				);
				GCC_WARN_64_TO_32_BIT_CONVERSION = YES;
				GCC_WARN_ABOUT_RETURN_TYPE = YES_ERROR;
				GCC_WARN_UNDECLARED_SELECTOR = YES;
				GCC_WARN_UNINITIALIZED_AUTOS = YES_AGGRESSIVE;
				GCC_WARN_UNUSED_FUNCTION = YES;
				GCC_WARN_UNUSED_VARIABLE = YES;
				IPHONEOS_DEPLOYMENT_TARGET = 15.2;
				MTL_ENABLE_DEBUG_INFO = INCLUDE_SOURCE;
				MTL_FAST_MATH = YES;
				ONLY_ACTIVE_ARCH = YES;
				SDKROOT = iphoneos;
				SWIFT_ACTIVE_COMPILATION_CONDITIONS = DEBUG;
				SWIFT_OPTIMIZATION_LEVEL = "-Onone";
			};
			name = Debug;
		};
		846C058227DD0E5B00F53F55 /* Release */ = {
			isa = XCBuildConfiguration;
			buildSettings = {
				ALWAYS_SEARCH_USER_PATHS = NO;
				CLANG_ANALYZER_NONNULL = YES;
				CLANG_ANALYZER_NUMBER_OBJECT_CONVERSION = YES_AGGRESSIVE;
				CLANG_CXX_LANGUAGE_STANDARD = "gnu++17";
				CLANG_CXX_LIBRARY = "libc++";
				CLANG_ENABLE_MODULES = YES;
				CLANG_ENABLE_OBJC_ARC = YES;
				CLANG_ENABLE_OBJC_WEAK = YES;
				CLANG_WARN_BLOCK_CAPTURE_AUTORELEASING = YES;
				CLANG_WARN_BOOL_CONVERSION = YES;
				CLANG_WARN_COMMA = YES;
				CLANG_WARN_CONSTANT_CONVERSION = YES;
				CLANG_WARN_DEPRECATED_OBJC_IMPLEMENTATIONS = YES;
				CLANG_WARN_DIRECT_OBJC_ISA_USAGE = YES_ERROR;
				CLANG_WARN_DOCUMENTATION_COMMENTS = YES;
				CLANG_WARN_EMPTY_BODY = YES;
				CLANG_WARN_ENUM_CONVERSION = YES;
				CLANG_WARN_INFINITE_RECURSION = YES;
				CLANG_WARN_INT_CONVERSION = YES;
				CLANG_WARN_NON_LITERAL_NULL_CONVERSION = YES;
				CLANG_WARN_OBJC_IMPLICIT_RETAIN_SELF = YES;
				CLANG_WARN_OBJC_LITERAL_CONVERSION = YES;
				CLANG_WARN_OBJC_ROOT_CLASS = YES_ERROR;
				CLANG_WARN_QUOTED_INCLUDE_IN_FRAMEWORK_HEADER = YES;
				CLANG_WARN_RANGE_LOOP_ANALYSIS = YES;
				CLANG_WARN_STRICT_PROTOTYPES = YES;
				CLANG_WARN_SUSPICIOUS_MOVE = YES;
				CLANG_WARN_UNGUARDED_AVAILABILITY = YES_AGGRESSIVE;
				CLANG_WARN_UNREACHABLE_CODE = YES;
				CLANG_WARN__DUPLICATE_METHOD_MATCH = YES;
				COPY_PHASE_STRIP = NO;
				DEBUG_INFORMATION_FORMAT = "dwarf-with-dsym";
				ENABLE_NS_ASSERTIONS = NO;
				ENABLE_STRICT_OBJC_MSGSEND = YES;
				GCC_C_LANGUAGE_STANDARD = gnu11;
				GCC_NO_COMMON_BLOCKS = YES;
				GCC_WARN_64_TO_32_BIT_CONVERSION = YES;
				GCC_WARN_ABOUT_RETURN_TYPE = YES_ERROR;
				GCC_WARN_UNDECLARED_SELECTOR = YES;
				GCC_WARN_UNINITIALIZED_AUTOS = YES_AGGRESSIVE;
				GCC_WARN_UNUSED_FUNCTION = YES;
				GCC_WARN_UNUSED_VARIABLE = YES;
				IPHONEOS_DEPLOYMENT_TARGET = 15.2;
				MTL_ENABLE_DEBUG_INFO = NO;
				MTL_FAST_MATH = YES;
				SDKROOT = iphoneos;
				SWIFT_COMPILATION_MODE = wholemodule;
				SWIFT_OPTIMIZATION_LEVEL = "-O";
				VALIDATE_PRODUCT = YES;
			};
			name = Release;
		};
		846C058427DD0E5B00F53F55 /* Debug */ = {
			isa = XCBuildConfiguration;
			buildSettings = {
				ALWAYS_EMBED_SWIFT_STANDARD_LIBRARIES = YES;
				ASSETCATALOG_COMPILER_APPICON_NAME = AppIcon;
				ASSETCATALOG_COMPILER_GLOBAL_ACCENT_COLOR_NAME = AccentColor;
				CODE_SIGN_STYLE = Automatic;
				CURRENT_PROJECT_VERSION = 1;
				DEVELOPMENT_TEAM = 9AA2WVYD3W;
				GENERATE_INFOPLIST_FILE = YES;
				INFOPLIST_FILE = "Interface HW Netology/Info.plist";
				INFOPLIST_KEY_UIApplicationSupportsIndirectInputEvents = YES;
				INFOPLIST_KEY_UILaunchStoryboardName = LaunchScreen;
				INFOPLIST_KEY_UIMainStoryboardFile = Main;
				INFOPLIST_KEY_UISupportedInterfaceOrientations_iPad = "UIInterfaceOrientationPortrait UIInterfaceOrientationPortraitUpsideDown UIInterfaceOrientationLandscapeLeft UIInterfaceOrientationLandscapeRight";
				INFOPLIST_KEY_UISupportedInterfaceOrientations_iPhone = "UIInterfaceOrientationPortrait UIInterfaceOrientationLandscapeLeft UIInterfaceOrientationLandscapeRight";
				IPHONEOS_DEPLOYMENT_TARGET = 15.0;
				LD_RUNPATH_SEARCH_PATHS = (
					"$(inherited)",
					"@executable_path/Frameworks",
				);
				MARKETING_VERSION = 1.0;
				"OTHER_SWIFT_FLAGS[arch=*]" = "-DDEBUG";
				PRODUCT_BUNDLE_IDENTIFIER = "-1122.Interface-HW-Netology";
				PRODUCT_NAME = "$(TARGET_NAME)";
				SWIFT_EMIT_LOC_STRINGS = YES;
				SWIFT_VERSION = 5.0;
				TARGETED_DEVICE_FAMILY = "1,2";
			};
			name = Debug;
		};
		846C058527DD0E5B00F53F55 /* Release */ = {
			isa = XCBuildConfiguration;
			buildSettings = {
				ALWAYS_EMBED_SWIFT_STANDARD_LIBRARIES = YES;
				ASSETCATALOG_COMPILER_APPICON_NAME = AppIcon;
				ASSETCATALOG_COMPILER_GLOBAL_ACCENT_COLOR_NAME = AccentColor;
				CODE_SIGN_STYLE = Automatic;
				CURRENT_PROJECT_VERSION = 1;
				DEVELOPMENT_TEAM = 9AA2WVYD3W;
				GENERATE_INFOPLIST_FILE = YES;
				INFOPLIST_FILE = "Interface HW Netology/Info.plist";
				INFOPLIST_KEY_UIApplicationSupportsIndirectInputEvents = YES;
				INFOPLIST_KEY_UILaunchStoryboardName = LaunchScreen;
				INFOPLIST_KEY_UIMainStoryboardFile = Main;
				INFOPLIST_KEY_UISupportedInterfaceOrientations_iPad = "UIInterfaceOrientationPortrait UIInterfaceOrientationPortraitUpsideDown UIInterfaceOrientationLandscapeLeft UIInterfaceOrientationLandscapeRight";
				INFOPLIST_KEY_UISupportedInterfaceOrientations_iPhone = "UIInterfaceOrientationPortrait UIInterfaceOrientationLandscapeLeft UIInterfaceOrientationLandscapeRight";
				IPHONEOS_DEPLOYMENT_TARGET = 15.0;
				LD_RUNPATH_SEARCH_PATHS = (
					"$(inherited)",
					"@executable_path/Frameworks",
				);
				MARKETING_VERSION = 1.0;
				"OTHER_SWIFT_FLAGS[arch=*]" = "-DRELEASE";
				PRODUCT_BUNDLE_IDENTIFIER = "-1122.Interface-HW-Netology";
				PRODUCT_NAME = "$(TARGET_NAME)";
				SWIFT_EMIT_LOC_STRINGS = YES;
				SWIFT_VERSION = 5.0;
				TARGETED_DEVICE_FAMILY = "1,2";
			};
			name = Release;
		};
		84F387EE283823C4004ACE75 /* Debug */ = {
			isa = XCBuildConfiguration;
			buildSettings = {
				CODE_SIGN_STYLE = Automatic;
				CURRENT_PROJECT_VERSION = 1;
				DEFINES_MODULE = YES;
				DEVELOPMENT_TEAM = 9AA2WVYD3W;
				DYLIB_COMPATIBILITY_VERSION = 1;
				DYLIB_CURRENT_VERSION = 1;
				DYLIB_INSTALL_NAME_BASE = "@rpath";
				GENERATE_INFOPLIST_FILE = YES;
				INFOPLIST_KEY_NSHumanReadableCopyright = "";
				INSTALL_PATH = "$(LOCAL_LIBRARY_DIR)/Frameworks";
				IPHONEOS_DEPLOYMENT_TARGET = 15.0;
				LD_RUNPATH_SEARCH_PATHS = (
					"$(inherited)",
					"@executable_path/Frameworks",
					"@loader_path/Frameworks",
				);
				MARKETING_VERSION = 1.0;
				PRODUCT_BUNDLE_IDENTIFIER = "-112.StorageService";
				PRODUCT_NAME = "$(TARGET_NAME:c99extidentifier)";
				SKIP_INSTALL = YES;
				SWIFT_EMIT_LOC_STRINGS = YES;
				SWIFT_VERSION = 5.0;
				TARGETED_DEVICE_FAMILY = "1,2";
				VERSIONING_SYSTEM = "apple-generic";
				VERSION_INFO_PREFIX = "";
			};
			name = Debug;
		};
		84F387EF283823C4004ACE75 /* Release */ = {
			isa = XCBuildConfiguration;
			buildSettings = {
				CODE_SIGN_STYLE = Automatic;
				CURRENT_PROJECT_VERSION = 1;
				DEFINES_MODULE = YES;
				DEVELOPMENT_TEAM = 9AA2WVYD3W;
				DYLIB_COMPATIBILITY_VERSION = 1;
				DYLIB_CURRENT_VERSION = 1;
				DYLIB_INSTALL_NAME_BASE = "@rpath";
				GENERATE_INFOPLIST_FILE = YES;
				INFOPLIST_KEY_NSHumanReadableCopyright = "";
				INSTALL_PATH = "$(LOCAL_LIBRARY_DIR)/Frameworks";
				IPHONEOS_DEPLOYMENT_TARGET = 15.0;
				LD_RUNPATH_SEARCH_PATHS = (
					"$(inherited)",
					"@executable_path/Frameworks",
					"@loader_path/Frameworks",
				);
				MARKETING_VERSION = 1.0;
				PRODUCT_BUNDLE_IDENTIFIER = "-112.StorageService";
				PRODUCT_NAME = "$(TARGET_NAME:c99extidentifier)";
				SKIP_INSTALL = YES;
				SWIFT_EMIT_LOC_STRINGS = YES;
				SWIFT_VERSION = 5.0;
				TARGETED_DEVICE_FAMILY = "1,2";
				VERSIONING_SYSTEM = "apple-generic";
				VERSION_INFO_PREFIX = "";
			};
			name = Release;
		};
/* End XCBuildConfiguration section */

/* Begin XCConfigurationList section */
		846C056A27DD0E5000F53F55 /* Build configuration list for PBXProject "Interface HW Netology" */ = {
			isa = XCConfigurationList;
			buildConfigurations = (
				846C058127DD0E5B00F53F55 /* Debug */,
				846C058227DD0E5B00F53F55 /* Release */,
			);
			defaultConfigurationIsVisible = 0;
			defaultConfigurationName = Release;
		};
		846C058327DD0E5B00F53F55 /* Build configuration list for PBXNativeTarget "Interface HW Netology" */ = {
			isa = XCConfigurationList;
			buildConfigurations = (
				846C058427DD0E5B00F53F55 /* Debug */,
				846C058527DD0E5B00F53F55 /* Release */,
			);
			defaultConfigurationIsVisible = 0;
			defaultConfigurationName = Release;
		};
		84F387ED283823C4004ACE75 /* Build configuration list for PBXNativeTarget "StorageService" */ = {
			isa = XCConfigurationList;
			buildConfigurations = (
				84F387EE283823C4004ACE75 /* Debug */,
				84F387EF283823C4004ACE75 /* Release */,
			);
			defaultConfigurationIsVisible = 0;
			defaultConfigurationName = Release;
		};
/* End XCConfigurationList section */
	};
	rootObject = 846C056727DD0E5000F53F55 /* Project object */;
}
